
Microsoft Visual Studio Solution File, Format Version 12.00
# Visual Studio Version 17
VisualStudioVersion = 17.3.32611.2
MinimumVisualStudioVersion = 10.0.40219.1
Project("{9A19103F-16F7-4668-BE54-9A1E7A4F7556}") = "ABP_7_2.Domain", "src\ABP_7_2.Domain\ABP_7_2.Domain.csproj", "{554AD327-6DBA-4F8F-96F8-81CE7A0C863F}"
EndProject
Project("{2150E333-8FDC-42A3-9474-1A3956D46DE8}") = "src", "src", "{CA9AC87F-097E-4F15-8393-4BC07735A5B0}"
EndProject
Project("{9A19103F-16F7-4668-BE54-9A1E7A4F7556}") = "ABP_7_2.EntityFrameworkCore", "src\ABP_7_2.EntityFrameworkCore\ABP_7_2.EntityFrameworkCore.csproj", "{0372FA84-C517-4EB3-9A9F-B9ACAC0CA5E0}"
EndProject
Project("{9A19103F-16F7-4668-BE54-9A1E7A4F7556}") = "ABP_7_2.Domain.Shared", "src\ABP_7_2.Domain.Shared\ABP_7_2.Domain.Shared.csproj", "{42F719ED-8413-4895-B5B4-5AB56079BC66}"
EndProject
Project("{9A19103F-16F7-4668-BE54-9A1E7A4F7556}") = "ABP_7_2.Application.Contracts", "src\ABP_7_2.Application.Contracts\ABP_7_2.Application.Contracts.csproj", "{520659C8-C734-4298-A3DA-B539DB9DFC0B}"
EndProject
Project("{9A19103F-16F7-4668-BE54-9A1E7A4F7556}") = "ABP_7_2.HttpApi", "src\ABP_7_2.HttpApi\ABP_7_2.HttpApi.csproj", "{4164BDF7-F527-4E85-9CE6-E3C2D7426A27}"
EndProject
Project("{9A19103F-16F7-4668-BE54-9A1E7A4F7556}") = "ABP_7_2.HttpApi.Client", "src\ABP_7_2.HttpApi.Client\ABP_7_2.HttpApi.Client.csproj", "{3B5A0094-670D-4BB1-BFDD-61B88A8773DC}"
EndProject
Project("{9A19103F-16F7-4668-BE54-9A1E7A4F7556}") = "ABP_7_2.DbMigrator", "src\ABP_7_2.DbMigrator\ABP_7_2.DbMigrator.csproj", "{70680696-BB1E-4383-BCB2-42C3767171FB}"
EndProject
Project("{9A19103F-16F7-4668-BE54-9A1E7A4F7556}") = "ABP_7_2.HttpApi.Host", "src\ABP_7_2.HttpApi.Host\ABP_7_2.HttpApi.Host.csproj", "{96E5259E-59A3-4FAF-BCD1-5BF8E74EF82C}"
EndProject
Project("{9A19103F-16F7-4668-BE54-9A1E7A4F7556}") = "ABP_7_2.Web.Public", "src\ABP_7_2.Web.Public\ABP_7_2.Web.Public.csproj", "{872D80ED-2A7D-472F-BBB6-0BAC5FDCE717}"
EndProject
Project("{9A19103F-16F7-4668-BE54-9A1E7A4F7556}") = "ABP_7_2.Maui", "src\ABP_7_2.Maui\ABP_7_2.Maui.csproj", "{257BCCF2-E26D-4B21-8B7F-934F01521756}"
EndProject
Project("{9A19103F-16F7-4668-BE54-9A1E7A4F7556}") = "ABP_7_2.MauiBlazor", "src\ABP_7_2.MauiBlazor\ABP_7_2.MauiBlazor.csproj", "{DA440498-8FB6-4752-A499-995CFFB27FFA}"
EndProject
Global
	GlobalSection(SolutionConfigurationPlatforms) = preSolution
		Debug|Any CPU = Debug|Any CPU
		Release|Any CPU = Release|Any CPU
	EndGlobalSection
	GlobalSection(ProjectConfigurationPlatforms) = postSolution
		{554AD327-6DBA-4F8F-96F8-81CE7A0C863F}.Debug|Any CPU.ActiveCfg = Debug|Any CPU
		{554AD327-6DBA-4F8F-96F8-81CE7A0C863F}.Debug|Any CPU.Build.0 = Debug|Any CPU
		{554AD327-6DBA-4F8F-96F8-81CE7A0C863F}.Release|Any CPU.ActiveCfg = Release|Any CPU
		{554AD327-6DBA-4F8F-96F8-81CE7A0C863F}.Release|Any CPU.Build.0 = Release|Any CPU
		{0372FA84-C517-4EB3-9A9F-B9ACAC0CA5E0}.Debug|Any CPU.ActiveCfg = Debug|Any CPU
		{0372FA84-C517-4EB3-9A9F-B9ACAC0CA5E0}.Debug|Any CPU.Build.0 = Debug|Any CPU
		{0372FA84-C517-4EB3-9A9F-B9ACAC0CA5E0}.Release|Any CPU.ActiveCfg = Release|Any CPU
		{0372FA84-C517-4EB3-9A9F-B9ACAC0CA5E0}.Release|Any CPU.Build.0 = Release|Any CPU
		{42F719ED-8413-4895-B5B4-5AB56079BC66}.Debug|Any CPU.ActiveCfg = Debug|Any CPU
		{42F719ED-8413-4895-B5B4-5AB56079BC66}.Debug|Any CPU.Build.0 = Debug|Any CPU
		{42F719ED-8413-4895-B5B4-5AB56079BC66}.Release|Any CPU.ActiveCfg = Release|Any CPU
		{42F719ED-8413-4895-B5B4-5AB56079BC66}.Release|Any CPU.Build.0 = Release|Any CPU
		{520659C8-C734-4298-A3DA-B539DB9DFC0B}.Debug|Any CPU.ActiveCfg = Debug|Any CPU
		{520659C8-C734-4298-A3DA-B539DB9DFC0B}.Debug|Any CPU.Build.0 = Debug|Any CPU
		{520659C8-C734-4298-A3DA-B539DB9DFC0B}.Release|Any CPU.ActiveCfg = Release|Any CPU
		{520659C8-C734-4298-A3DA-B539DB9DFC0B}.Release|Any CPU.Build.0 = Release|Any CPU
		{4164BDF7-F527-4E85-9CE6-E3C2D7426A27}.Debug|Any CPU.ActiveCfg = Debug|Any CPU
		{4164BDF7-F527-4E85-9CE6-E3C2D7426A27}.Debug|Any CPU.Build.0 = Debug|Any CPU
		{4164BDF7-F527-4E85-9CE6-E3C2D7426A27}.Release|Any CPU.ActiveCfg = Release|Any CPU
		{4164BDF7-F527-4E85-9CE6-E3C2D7426A27}.Release|Any CPU.Build.0 = Release|Any CPU
		{3B5A0094-670D-4BB1-BFDD-61B88A8773DC}.Debug|Any CPU.ActiveCfg = Debug|Any CPU
		{3B5A0094-670D-4BB1-BFDD-61B88A8773DC}.Debug|Any CPU.Build.0 = Debug|Any CPU
		{3B5A0094-670D-4BB1-BFDD-61B88A8773DC}.Release|Any CPU.ActiveCfg = Release|Any CPU
		{3B5A0094-670D-4BB1-BFDD-61B88A8773DC}.Release|Any CPU.Build.0 = Release|Any CPU
		{70680696-BB1E-4383-BCB2-42C3767171FB}.Debug|Any CPU.ActiveCfg = Debug|Any CPU
		{70680696-BB1E-4383-BCB2-42C3767171FB}.Debug|Any CPU.Build.0 = Debug|Any CPU
		{70680696-BB1E-4383-BCB2-42C3767171FB}.Release|Any CPU.ActiveCfg = Release|Any CPU
		{70680696-BB1E-4383-BCB2-42C3767171FB}.Release|Any CPU.Build.0 = Release|Any CPU
		{96E5259E-59A3-4FAF-BCD1-5BF8E74EF82C}.Debug|Any CPU.ActiveCfg = Debug|Any CPU
		{96E5259E-59A3-4FAF-BCD1-5BF8E74EF82C}.Debug|Any CPU.Build.0 = Debug|Any CPU
		{96E5259E-59A3-4FAF-BCD1-5BF8E74EF82C}.Release|Any CPU.ActiveCfg = Release|Any CPU
		{96E5259E-59A3-4FAF-BCD1-5BF8E74EF82C}.Release|Any CPU.Build.0 = Release|Any CPU
		{872D80ED-2A7D-472F-BBB6-0BAC5FDCE717}.Debug|Any CPU.ActiveCfg = Debug|Any CPU
		{872D80ED-2A7D-472F-BBB6-0BAC5FDCE717}.Debug|Any CPU.Build.0 = Debug|Any CPU
		{872D80ED-2A7D-472F-BBB6-0BAC5FDCE717}.Release|Any CPU.ActiveCfg = Release|Any CPU
		{872D80ED-2A7D-472F-BBB6-0BAC5FDCE717}.Release|Any CPU.Build.0 = Release|Any CPU
		{257BCCF2-E26D-4B21-8B7F-934F01521756}.Debug|Any CPU.ActiveCfg = Debug|Any CPU
		{257BCCF2-E26D-4B21-8B7F-934F01521756}.Debug|Any CPU.Build.0 = Debug|Any CPU
		{257BCCF2-E26D-4B21-8B7F-934F01521756}.Debug|Any CPU.Deploy.0 = Debug|Any CPU
		{257BCCF2-E26D-4B21-8B7F-934F01521756}.Release|Any CPU.ActiveCfg = Release|Any CPU
		{257BCCF2-E26D-4B21-8B7F-934F01521756}.Release|Any CPU.Build.0 = Release|Any CPU
		{257BCCF2-E26D-4B21-8B7F-934F01521756}.Release|Any CPU.Deploy.0 = Release|Any CPU
		{DA440498-8FB6-4752-A499-995CFFB27FFA}.Debug|Any CPU.ActiveCfg = Debug|Any CPU
		{DA440498-8FB6-4752-A499-995CFFB27FFA}.Debug|Any CPU.Build.0 = Debug|Any CPU
		{DA440498-8FB6-4752-A499-995CFFB27FFA}.Debug|Any CPU.Deploy.0 = Debug|Any CPU
		{DA440498-8FB6-4752-A499-995CFFB27FFA}.Release|Any CPU.ActiveCfg = Release|Any CPU
		{DA440498-8FB6-4752-A499-995CFFB27FFA}.Release|Any CPU.Build.0 = Release|Any CPU
		{DA440498-8FB6-4752-A499-995CFFB27FFA}.Release|Any CPU.Deploy.0 = Release|Any CPU
	EndGlobalSection
	GlobalSection(SolutionProperties) = preSolution
		HideSolutionNode = FALSE
	EndGlobalSection
	GlobalSection(NestedProjects) = preSolution
		{554AD327-6DBA-4F8F-96F8-81CE7A0C863F} = {CA9AC87F-097E-4F15-8393-4BC07735A5B0}
		{0372FA84-C517-4EB3-9A9F-B9ACAC0CA5E0} = {CA9AC87F-097E-4F15-8393-4BC07735A5B0}
		{42F719ED-8413-4895-B5B4-5AB56079BC66} = {CA9AC87F-097E-4F15-8393-4BC07735A5B0}
		{520659C8-C734-4298-A3DA-B539DB9DFC0B} = {CA9AC87F-097E-4F15-8393-4BC07735A5B0}
		{4164BDF7-F527-4E85-9CE6-E3C2D7426A27} = {CA9AC87F-097E-4F15-8393-4BC07735A5B0}
		{3B5A0094-670D-4BB1-BFDD-61B88A8773DC} = {CA9AC87F-097E-4F15-8393-4BC07735A5B0}
		{70680696-BB1E-4383-BCB2-42C3767171FB} = {CA9AC87F-097E-4F15-8393-4BC07735A5B0}
		{96E5259E-59A3-4FAF-BCD1-5BF8E74EF82C} = {CA9AC87F-097E-4F15-8393-4BC07735A5B0}
		{872D80ED-2A7D-472F-BBB6-0BAC5FDCE717} = {CA9AC87F-097E-4F15-8393-4BC07735A5B0}
		{257BCCF2-E26D-4B21-8B7F-934F01521756} = {CA9AC87F-097E-4F15-8393-4BC07735A5B0}
		{DA440498-8FB6-4752-A499-995CFFB27FFA} = {CA9AC87F-097E-4F15-8393-4BC07735A5B0}
	EndGlobalSection
	GlobalSection(ExtensibilityGlobals) = postSolution
		SolutionGuid = {305E382E-2761-F9FA-A9E2-86B02B83B90B}
	EndGlobalSection
EndGlobal
